{
  "name": "barrack-brawl",
  "version": "1.0.0",
  "description": "",
  "main": "index.js",
  "scripts": {
    "start": "ts-node index.ts"
  },
  "keywords": [],
  "author": "",
  "license": "ISC",
  "dependencies": {
    "@colyseus/schema": "^2.0.0",
    "colyseus": "^0.15.0"
  },
  "devDependencies": {
    "@types/node": "^20.0.0",
    "ts-node": "^10.9.0",
    "typescript": "^5.0.0"
  }
}